// !$*UTF8*$!
{
	archiveVersion = 1;
	classes = {
	};
	objectVersion = 46;
	objects = {

/* Begin PBXBuildFile section */
		5642F23B586FE18AACC20090 /* Pods_CheTamUHohlov.framework in Frameworks */ = {isa = PBXBuildFile; fileRef = 651940BBC666542E2E6C5B94 /* Pods_CheTamUHohlov.framework */; };
		84E013C71C56FD0E000A3771 /* iRate.framework in Frameworks */ = {isa = PBXBuildFile; fileRef = 84E013C61C56FD0E000A3771 /* iRate.framework */; };
		84E013C91C56FD13000A3771 /* Flurry_iOS_SDK.framework in Frameworks */ = {isa = PBXBuildFile; fileRef = 84E013C81C56FD13000A3771 /* Flurry_iOS_SDK.framework */; };
		84E133ED1C56D10700616546 /* SystemConfiguration.framework in Frameworks */ = {isa = PBXBuildFile; fileRef = 84E133EC1C56D10700616546 /* SystemConfiguration.framework */; };
		84E133EF1C56E0F000616546 /* Reachability.framework in Frameworks */ = {isa = PBXBuildFile; fileRef = 84E133EE1C56E0F000616546 /* Reachability.framework */; };
		84E5CC841C47D372002A59A3 /* RateItemFromYahoo.m in Sources */ = {isa = PBXBuildFile; fileRef = 84E5CC831C47D372002A59A3 /* RateItemFromYahoo.m */; };
		84E9049B1C3FE74F0025587B /* ManageFileSystem.m in Sources */ = {isa = PBXBuildFile; fileRef = 84E9049A1C3FE74F0025587B /* ManageFileSystem.m */; };
		84EC23C31C579E14008FA17F /* Main.storyboard in Resources */ = {isa = PBXBuildFile; fileRef = 84EC23C11C579E14008FA17F /* Main.storyboard */; };
		84FBEDB31C6265D100311193 /* Natasha.ttf in Resources */ = {isa = PBXBuildFile; fileRef = 84FBEDB21C6265D100311193 /* Natasha.ttf */; };
		9514F1A71C3AD57B00F27D2D /* main.m in Sources */ = {isa = PBXBuildFile; fileRef = 9514F1A61C3AD57B00F27D2D /* main.m */; };
		9514F1AA1C3AD57B00F27D2D /* AppDelegate.m in Sources */ = {isa = PBXBuildFile; fileRef = 9514F1A91C3AD57B00F27D2D /* AppDelegate.m */; };
		9514F1AD1C3AD57B00F27D2D /* MainScreen.m in Sources */ = {isa = PBXBuildFile; fileRef = 9514F1AC1C3AD57B00F27D2D /* MainScreen.m */; };
		9514F1B21C3AD57B00F27D2D /* Assets.xcassets in Resources */ = {isa = PBXBuildFile; fileRef = 9514F1B11C3AD57B00F27D2D /* Assets.xcassets */; };
		9514F1B51C3AD57B00F27D2D /* LaunchScreen.storyboard in Resources */ = {isa = PBXBuildFile; fileRef = 9514F1B31C3AD57B00F27D2D /* LaunchScreen.storyboard */; };
		9514F1BE1C3ADDC500F27D2D /* RequestClient.m in Sources */ = {isa = PBXBuildFile; fileRef = 9514F1BD1C3ADDC500F27D2D /* RequestClient.m */; };
		9514F1C11C3EACD100F27D2D /* ObjClient.m in Sources */ = {isa = PBXBuildFile; fileRef = 9514F1C01C3EACD100F27D2D /* ObjClient.m */; };
		9514F1C51C3EBBEE00F27D2D /* DiziDB.sqlite in Resources */ = {isa = PBXBuildFile; fileRef = 9514F1C41C3EBBEE00F27D2D /* DiziDB.sqlite */; };
		953E31171C5A4CAA00BA73A3 /* FunnyJokesClass.m in Sources */ = {isa = PBXBuildFile; fileRef = 953E31151C5A4CAA00BA73A3 /* FunnyJokesClass.m */; };
		955682EC1C3EDC5D00CC68B4 /* libsqlite3.tbd in Frameworks */ = {isa = PBXBuildFile; fileRef = 955682EB1C3EDC5D00CC68B4 /* libsqlite3.tbd */; };
		955682EF1C3EE98D00CC68B4 /* RateItemFromGov.m in Sources */ = {isa = PBXBuildFile; fileRef = 955682EE1C3EE98D00CC68B4 /* RateItemFromGov.m */; };
		95622F761C4BD081004241E8 /* HomeScreen.m in Sources */ = {isa = PBXBuildFile; fileRef = 95622F751C4BD081004241E8 /* HomeScreen.m */; };
		95622F791C4BD9FB004241E8 /* UIViewExtension.swift in Sources */ = {isa = PBXBuildFile; fileRef = 95622F781C4BD9FB004241E8 /* UIViewExtension.swift */; };
		95622F801C4BDF57004241E8 /* GoodButton.swift in Sources */ = {isa = PBXBuildFile; fileRef = 95622F7F1C4BDF57004241E8 /* GoodButton.swift */; };
		95622F851C4BE679004241E8 /* Localizable.strings in Resources */ = {isa = PBXBuildFile; fileRef = 95622F871C4BE679004241E8 /* Localizable.strings */; };
		958DDC681C5E7020007FB8AF /* GoogleMobileAds.framework in Frameworks */ = {isa = PBXBuildFile; fileRef = 958DDC671C5E7020007FB8AF /* GoogleMobileAds.framework */; };
/* End PBXBuildFile section */

/* Begin PBXFileReference section */
		30D1C2F93730FC85F87852D1 /* Pods-CheTamUHohlov.debug.xcconfig */ = {isa = PBXFileReference; includeInIndex = 1; lastKnownFileType = text.xcconfig; name = "Pods-CheTamUHohlov.debug.xcconfig"; path = "Pods/Target Support Files/Pods-CheTamUHohlov/Pods-CheTamUHohlov.debug.xcconfig"; sourceTree = "<group>"; };
		651940BBC666542E2E6C5B94 /* Pods_CheTamUHohlov.framework */ = {isa = PBXFileReference; explicitFileType = wrapper.framework; includeInIndex = 0; path = Pods_CheTamUHohlov.framework; sourceTree = BUILT_PRODUCTS_DIR; };
		84E013C61C56FD0E000A3771 /* iRate.framework */ = {isa = PBXFileReference; lastKnownFileType = wrapper.framework; name = iRate.framework; path = "Pods/../build/Debug-iphoneos/iRate.framework"; sourceTree = "<group>"; };
		84E013C81C56FD13000A3771 /* Flurry_iOS_SDK.framework */ = {isa = PBXFileReference; lastKnownFileType = wrapper.framework; name = Flurry_iOS_SDK.framework; path = "Pods/../build/Debug-iphoneos/Flurry_iOS_SDK.framework"; sourceTree = "<group>"; };
		84E133EC1C56D10700616546 /* SystemConfiguration.framework */ = {isa = PBXFileReference; lastKnownFileType = wrapper.framework; name = SystemConfiguration.framework; path = System/Library/Frameworks/SystemConfiguration.framework; sourceTree = SDKROOT; };
		84E133EE1C56E0F000616546 /* Reachability.framework */ = {isa = PBXFileReference; lastKnownFileType = wrapper.framework; name = Reachability.framework; path = "Pods/../build/Debug-iphoneos/Reachability.framework"; sourceTree = "<group>"; };
		84E5CC821C47D372002A59A3 /* RateItemFromYahoo.h */ = {isa = PBXFileReference; fileEncoding = 4; lastKnownFileType = sourcecode.c.h; path = RateItemFromYahoo.h; sourceTree = "<group>"; };
		84E5CC831C47D372002A59A3 /* RateItemFromYahoo.m */ = {isa = PBXFileReference; fileEncoding = 4; lastKnownFileType = sourcecode.c.objc; path = RateItemFromYahoo.m; sourceTree = "<group>"; };
		84E904991C3FE74F0025587B /* ManageFileSystem.h */ = {isa = PBXFileReference; fileEncoding = 4; lastKnownFileType = sourcecode.c.h; path = ManageFileSystem.h; sourceTree = "<group>"; };
		84E9049A1C3FE74F0025587B /* ManageFileSystem.m */ = {isa = PBXFileReference; fileEncoding = 4; lastKnownFileType = sourcecode.c.objc; path = ManageFileSystem.m; sourceTree = "<group>"; };
		84EC23C21C579E14008FA17F /* Base */ = {isa = PBXFileReference; lastKnownFileType = file.storyboard; name = Base; path = Base.lproj/Main.storyboard; sourceTree = "<group>"; };
		84FBEDB21C6265D100311193 /* Natasha.ttf */ = {isa = PBXFileReference; lastKnownFileType = file; name = Natasha.ttf; path = ../../Downloads/Natasha.ttf; sourceTree = "<group>"; };
		9514F1A21C3AD57B00F27D2D /* CheTamUHohlov.app */ = {isa = PBXFileReference; explicitFileType = wrapper.application; includeInIndex = 0; path = CheTamUHohlov.app; sourceTree = BUILT_PRODUCTS_DIR; };
		9514F1A61C3AD57B00F27D2D /* main.m */ = {isa = PBXFileReference; lastKnownFileType = sourcecode.c.objc; path = main.m; sourceTree = "<group>"; };
		9514F1A81C3AD57B00F27D2D /* AppDelegate.h */ = {isa = PBXFileReference; lastKnownFileType = sourcecode.c.h; path = AppDelegate.h; sourceTree = "<group>"; };
		9514F1A91C3AD57B00F27D2D /* AppDelegate.m */ = {isa = PBXFileReference; lastKnownFileType = sourcecode.c.objc; path = AppDelegate.m; sourceTree = "<group>"; };
		9514F1AB1C3AD57B00F27D2D /* MainScreen.h */ = {isa = PBXFileReference; lastKnownFileType = sourcecode.c.h; path = MainScreen.h; sourceTree = "<group>"; };
		9514F1AC1C3AD57B00F27D2D /* MainScreen.m */ = {isa = PBXFileReference; lastKnownFileType = sourcecode.c.objc; path = MainScreen.m; sourceTree = "<group>"; };
		9514F1B11C3AD57B00F27D2D /* Assets.xcassets */ = {isa = PBXFileReference; lastKnownFileType = folder.assetcatalog; path = Assets.xcassets; sourceTree = "<group>"; };
		9514F1B41C3AD57B00F27D2D /* Base */ = {isa = PBXFileReference; lastKnownFileType = file.storyboard; name = Base; path = Base.lproj/LaunchScreen.storyboard; sourceTree = "<group>"; };
		9514F1B61C3AD57B00F27D2D /* Info.plist */ = {isa = PBXFileReference; lastKnownFileType = text.plist.xml; path = Info.plist; sourceTree = "<group>"; };
		9514F1BC1C3ADDC500F27D2D /* RequestClient.h */ = {isa = PBXFileReference; fileEncoding = 4; lastKnownFileType = sourcecode.c.h; path = RequestClient.h; sourceTree = "<group>"; };
		9514F1BD1C3ADDC500F27D2D /* RequestClient.m */ = {isa = PBXFileReference; fileEncoding = 4; lastKnownFileType = sourcecode.c.objc; path = RequestClient.m; sourceTree = "<group>"; };
		9514F1BF1C3EACD100F27D2D /* ObjClient.h */ = {isa = PBXFileReference; fileEncoding = 4; lastKnownFileType = sourcecode.c.h; path = ObjClient.h; sourceTree = "<group>"; };
		9514F1C01C3EACD100F27D2D /* ObjClient.m */ = {isa = PBXFileReference; fileEncoding = 4; lastKnownFileType = sourcecode.c.objc; path = ObjClient.m; sourceTree = "<group>"; };
		9514F1C41C3EBBEE00F27D2D /* DiziDB.sqlite */ = {isa = PBXFileReference; fileEncoding = 4; lastKnownFileType = text; name = DiziDB.sqlite; path = ../DiziDB.sqlite; sourceTree = "<group>"; };
		9514F1C61C3EBF9400F27D2D /* Constants.h */ = {isa = PBXFileReference; lastKnownFileType = sourcecode.c.h; path = Constants.h; sourceTree = "<group>"; };
		951867521C53954900A42A06 /* CheTamUHohlov copy-Info.plist */ = {isa = PBXFileReference; lastKnownFileType = text.plist.xml; name = "CheTamUHohlov copy-Info.plist"; path = "/Users/romansafin/Documents/CheTamUHohlov/CheTamUHohlov copy-Info.plist"; sourceTree = "<absolute>"; };
		953E31151C5A4CAA00BA73A3 /* FunnyJokesClass.m */ = {isa = PBXFileReference; fileEncoding = 4; lastKnownFileType = sourcecode.c.objc; path = FunnyJokesClass.m; sourceTree = "<group>"; };
		953E31161C5A4CAA00BA73A3 /* FunnyJokesClass.h */ = {isa = PBXFileReference; fileEncoding = 4; lastKnownFileType = sourcecode.c.h; path = FunnyJokesClass.h; sourceTree = "<group>"; };
		955682EB1C3EDC5D00CC68B4 /* libsqlite3.tbd */ = {isa = PBXFileReference; lastKnownFileType = "sourcecode.text-based-dylib-definition"; name = libsqlite3.tbd; path = usr/lib/libsqlite3.tbd; sourceTree = SDKROOT; };
		955682ED1C3EE98D00CC68B4 /* RateItemFromGov.h */ = {isa = PBXFileReference; fileEncoding = 4; lastKnownFileType = sourcecode.c.h; path = RateItemFromGov.h; sourceTree = "<group>"; };
		955682EE1C3EE98D00CC68B4 /* RateItemFromGov.m */ = {isa = PBXFileReference; fileEncoding = 4; lastKnownFileType = sourcecode.c.objc; path = RateItemFromGov.m; sourceTree = "<group>"; };
		95622F741C4BD081004241E8 /* HomeScreen.h */ = {isa = PBXFileReference; fileEncoding = 4; lastKnownFileType = sourcecode.c.h; path = HomeScreen.h; sourceTree = "<group>"; };
		95622F751C4BD081004241E8 /* HomeScreen.m */ = {isa = PBXFileReference; fileEncoding = 4; lastKnownFileType = sourcecode.c.objc; path = HomeScreen.m; sourceTree = "<group>"; };
		95622F771C4BD9FB004241E8 /* CheTamUHohlov-Bridging-Header.h */ = {isa = PBXFileReference; fileEncoding = 4; lastKnownFileType = sourcecode.c.h; path = "CheTamUHohlov-Bridging-Header.h"; sourceTree = "<group>"; };
		95622F781C4BD9FB004241E8 /* UIViewExtension.swift */ = {isa = PBXFileReference; fileEncoding = 4; lastKnownFileType = sourcecode.swift; path = UIViewExtension.swift; sourceTree = "<group>"; };
		95622F7F1C4BDF57004241E8 /* GoodButton.swift */ = {isa = PBXFileReference; fileEncoding = 4; lastKnownFileType = sourcecode.swift; path = GoodButton.swift; sourceTree = "<group>"; };
		95622F821C4BE5B3004241E8 /* ru */ = {isa = PBXFileReference; lastKnownFileType = text.plist.strings; name = ru; path = ru.lproj/LaunchScreen.strings; sourceTree = "<group>"; };
		95622F881C4BE680004241E8 /* ru */ = {isa = PBXFileReference; lastKnownFileType = text.plist.strings; name = ru; path = ru.lproj/Localizable.strings; sourceTree = "<group>"; };
		95622F891C4BE8A5004241E8 /* Base */ = {isa = PBXFileReference; lastKnownFileType = text.plist.strings; name = Base; path = Base.lproj/Localizable.strings; sourceTree = "<group>"; };
		958DDC671C5E7020007FB8AF /* GoogleMobileAds.framework */ = {isa = PBXFileReference; lastKnownFileType = wrapper.framework; path = GoogleMobileAds.framework; sourceTree = "<group>"; };
		CA096BF688AA9C3EEB641E3A /* Pods-CheTamUHohlov.release.xcconfig */ = {isa = PBXFileReference; includeInIndex = 1; lastKnownFileType = text.xcconfig; name = "Pods-CheTamUHohlov.release.xcconfig"; path = "Pods/Target Support Files/Pods-CheTamUHohlov/Pods-CheTamUHohlov.release.xcconfig"; sourceTree = "<group>"; };
/* End PBXFileReference section */

/* Begin PBXFrameworksBuildPhase section */
		9514F19F1C3AD57B00F27D2D /* Frameworks */ = {
			isa = PBXFrameworksBuildPhase;
			buildActionMask = 2147483647;
			files = (
				84E013C91C56FD13000A3771 /* Flurry_iOS_SDK.framework in Frameworks */,
				84E013C71C56FD0E000A3771 /* iRate.framework in Frameworks */,
				84E133EF1C56E0F000616546 /* Reachability.framework in Frameworks */,
				84E133ED1C56D10700616546 /* SystemConfiguration.framework in Frameworks */,
				955682EC1C3EDC5D00CC68B4 /* libsqlite3.tbd in Frameworks */,
				958DDC681C5E7020007FB8AF /* GoogleMobileAds.framework in Frameworks */,
				5642F23B586FE18AACC20090 /* Pods_CheTamUHohlov.framework in Frameworks */,
			);
			runOnlyForDeploymentPostprocessing = 0;
		};
/* End PBXFrameworksBuildPhase section */

/* Begin PBXGroup section */
		1FB8B9716BB22F8E61E59417 /* Frameworks */ = {
			isa = PBXGroup;
			children = (
				84E013C81C56FD13000A3771 /* Flurry_iOS_SDK.framework */,
				84E013C61C56FD0E000A3771 /* iRate.framework */,
				84E133EE1C56E0F000616546 /* Reachability.framework */,
				84E133EC1C56D10700616546 /* SystemConfiguration.framework */,
				651940BBC666542E2E6C5B94 /* Pods_CheTamUHohlov.framework */,
			);
			name = Frameworks;
			sourceTree = "<group>";
		};
		84E5CC811C47D309002A59A3 /* Homework Files */ = {
			isa = PBXGroup;
			children = (
				84E904991C3FE74F0025587B /* ManageFileSystem.h */,
				84E9049A1C3FE74F0025587B /* ManageFileSystem.m */,
			);
			name = "Homework Files";
			sourceTree = "<group>";
		};
		84F10E7F1C56A1D600C7E10F /* Swift */ = {
			isa = PBXGroup;
			children = (
				95622F781C4BD9FB004241E8 /* UIViewExtension.swift */,
				95622F7F1C4BDF57004241E8 /* GoodButton.swift */,
			);
			name = Swift;
			sourceTree = "<group>";
		};
		84F10E801C56A1FB00C7E10F /* Obj-C */ = {
			isa = PBXGroup;
			children = (
				9514F1BC1C3ADDC500F27D2D /* RequestClient.h */,
				9514F1BD1C3ADDC500F27D2D /* RequestClient.m */,
				9514F1BF1C3EACD100F27D2D /* ObjClient.h */,
				9514F1C01C3EACD100F27D2D /* ObjClient.m */,
			);
			name = "Obj-C";
			sourceTree = "<group>";
		};
		9514F1991C3AD57B00F27D2D = {
			isa = PBXGroup;
			children = (
				9514F1A41C3AD57B00F27D2D /* CheTamUHohlov */,
				9514F1A31C3AD57B00F27D2D /* Products */,
				951867521C53954900A42A06 /* CheTamUHohlov copy-Info.plist */,
				1FB8B9716BB22F8E61E59417 /* Frameworks */,
				F84345E6D553EB465B461457 /* Pods */,
			);
			sourceTree = "<group>";
		};
		9514F1A31C3AD57B00F27D2D /* Products */ = {
			isa = PBXGroup;
			children = (
				9514F1A21C3AD57B00F27D2D /* CheTamUHohlov.app */,
			);
			name = Products;
			sourceTree = "<group>";
		};
		9514F1A41C3AD57B00F27D2D /* CheTamUHohlov */ = {
			isa = PBXGroup;
			children = (
				9514F1A81C3AD57B00F27D2D /* AppDelegate.h */,
				9514F1A91C3AD57B00F27D2D /* AppDelegate.m */,
				84EC23C11C579E14008FA17F /* Main.storyboard */,
				95622F771C4BD9FB004241E8 /* CheTamUHohlov-Bridging-Header.h */,
				95622F871C4BE679004241E8 /* Localizable.strings */,
				955172D31C429C930025D0FF /* View Controllers */,
				955172D41C429CA60025D0FF /* Models */,
				955172D51C429CBA0025D0FF /* Classes */,
				9514F1B11C3AD57B00F27D2D /* Assets.xcassets */,
				9514F1B31C3AD57B00F27D2D /* LaunchScreen.storyboard */,
				9514F1B61C3AD57B00F27D2D /* Info.plist */,
				84E5CC811C47D309002A59A3 /* Homework Files */,
				9514F1A51C3AD57B00F27D2D /* Supporting Files */,
			);
			path = CheTamUHohlov;
			sourceTree = "<group>";
		};
		9514F1A51C3AD57B00F27D2D /* Supporting Files */ = {
			isa = PBXGroup;
			children = (
				958DDC671C5E7020007FB8AF /* GoogleMobileAds.framework */,
				953E31181C5A4CB000BA73A3 /* Jokes Hard Code */,
				955682E71C3ED8D300CC68B4 /* Librarys */,
				9514F1C61C3EBF9400F27D2D /* Constants.h */,
				9514F1A61C3AD57B00F27D2D /* main.m */,
				9514F1C41C3EBBEE00F27D2D /* DiziDB.sqlite */,
				84FBEDB21C6265D100311193 /* Natasha.ttf */,
			);
			name = "Supporting Files";
			sourceTree = "<group>";
		};
		953E31181C5A4CB000BA73A3 /* Jokes Hard Code */ = {
			isa = PBXGroup;
			children = (
				953E31161C5A4CAA00BA73A3 /* FunnyJokesClass.h */,
				953E31151C5A4CAA00BA73A3 /* FunnyJokesClass.m */,
			);
			name = "Jokes Hard Code";
			sourceTree = "<group>";
		};
		955172D31C429C930025D0FF /* View Controllers */ = {
			isa = PBXGroup;
			children = (
				95622F7A1C4BDA1F004241E8 /* Swift Controllers */,
				95622F7B1C4BDA62004241E8 /* Obj-C */,
			);
			name = "View Controllers";
			sourceTree = "<group>";
		};
		955172D41C429CA60025D0FF /* Models */ = {
			isa = PBXGroup;
			children = (
				84E5CC821C47D372002A59A3 /* RateItemFromYahoo.h */,
				84E5CC831C47D372002A59A3 /* RateItemFromYahoo.m */,
				955682ED1C3EE98D00CC68B4 /* RateItemFromGov.h */,
				955682EE1C3EE98D00CC68B4 /* RateItemFromGov.m */,
			);
			name = Models;
			sourceTree = "<group>";
		};
		955172D51C429CBA0025D0FF /* Classes */ = {
			isa = PBXGroup;
			children = (
				84F10E7F1C56A1D600C7E10F /* Swift */,
				84F10E801C56A1FB00C7E10F /* Obj-C */,
			);
			name = Classes;
			sourceTree = "<group>";
		};
		955682E71C3ED8D300CC68B4 /* Librarys */ = {
			isa = PBXGroup;
			children = (
				955682EB1C3EDC5D00CC68B4 /* libsqlite3.tbd */,
			);
			name = Librarys;
			sourceTree = "<group>";
		};
		95622F7A1C4BDA1F004241E8 /* Swift Controllers */ = {
			isa = PBXGroup;
			children = (
			);
			name = "Swift Controllers";
			sourceTree = "<group>";
		};
		95622F7B1C4BDA62004241E8 /* Obj-C */ = {
			isa = PBXGroup;
			children = (
				9514F1AB1C3AD57B00F27D2D /* MainScreen.h */,
				9514F1AC1C3AD57B00F27D2D /* MainScreen.m */,
				95622F741C4BD081004241E8 /* HomeScreen.h */,
				95622F751C4BD081004241E8 /* HomeScreen.m */,
			);
			name = "Obj-C";
			sourceTree = "<group>";
		};
		F84345E6D553EB465B461457 /* Pods */ = {
			isa = PBXGroup;
			children = (
				30D1C2F93730FC85F87852D1 /* Pods-CheTamUHohlov.debug.xcconfig */,
				CA096BF688AA9C3EEB641E3A /* Pods-CheTamUHohlov.release.xcconfig */,
			);
			name = Pods;
			sourceTree = "<group>";
		};
/* End PBXGroup section */

/* Begin PBXNativeTarget section */
		9514F1A11C3AD57B00F27D2D /* CheTamUHohlov */ = {
			isa = PBXNativeTarget;
			buildConfigurationList = 9514F1B91C3AD57B00F27D2D /* Build configuration list for PBXNativeTarget "CheTamUHohlov" */;
			buildPhases = (
				EBEAF4F0AB998725ED9C7786 /* Check Pods Manifest.lock */,
				9514F19E1C3AD57B00F27D2D /* Sources */,
				9514F19F1C3AD57B00F27D2D /* Frameworks */,
				9514F1A01C3AD57B00F27D2D /* Resources */,
				FB5E2B866008EA8881481491 /* Embed Pods Frameworks */,
				287646FC326779837F556693 /* Copy Pods Resources */,
			);
			buildRules = (
			);
			dependencies = (
			);
			name = CheTamUHohlov;
			productName = CheTamUHohlov;
			productReference = 9514F1A21C3AD57B00F27D2D /* CheTamUHohlov.app */;
			productType = "com.apple.product-type.application";
		};
/* End PBXNativeTarget section */

/* Begin PBXProject section */
		9514F19A1C3AD57B00F27D2D /* Project object */ = {
			isa = PBXProject;
			attributes = {
				LastUpgradeCheck = 0720;
				ORGANIZATIONNAME = Roman.Safin;
				TargetAttributes = {
					9514F1A11C3AD57B00F27D2D = {
						CreatedOnToolsVersion = 7.2;
						DevelopmentTeam = Y859DLF8C3;
					};
				};
			};
			buildConfigurationList = 9514F19D1C3AD57B00F27D2D /* Build configuration list for PBXProject "CheTamUHohlov" */;
			compatibilityVersion = "Xcode 3.2";
			developmentRegion = English;
			hasScannedForEncodings = 0;
			knownRegions = (
				en,
				Base,
				ru,
			);
			mainGroup = 9514F1991C3AD57B00F27D2D;
			productRefGroup = 9514F1A31C3AD57B00F27D2D /* Products */;
			projectDirPath = "";
			projectRoot = "";
			targets = (
				9514F1A11C3AD57B00F27D2D /* CheTamUHohlov */,
			);
		};
/* End PBXProject section */

/* Begin PBXResourcesBuildPhase section */
		9514F1A01C3AD57B00F27D2D /* Resources */ = {
			isa = PBXResourcesBuildPhase;
			buildActionMask = 2147483647;
			files = (
				95622F851C4BE679004241E8 /* Localizable.strings in Resources */,
				9514F1B51C3AD57B00F27D2D /* LaunchScreen.storyboard in Resources */,
				9514F1B21C3AD57B00F27D2D /* Assets.xcassets in Resources */,
				84FBEDB31C6265D100311193 /* Natasha.ttf in Resources */,
				84EC23C31C579E14008FA17F /* Main.storyboard in Resources */,
				9514F1C51C3EBBEE00F27D2D /* DiziDB.sqlite in Resources */,
			);
			runOnlyForDeploymentPostprocessing = 0;
		};
/* End PBXResourcesBuildPhase section */

/* Begin PBXShellScriptBuildPhase section */
		287646FC326779837F556693 /* Copy Pods Resources */ = {
			isa = PBXShellScriptBuildPhase;
			buildActionMask = 2147483647;
			files = (
			);
			inputPaths = (
			);
			name = "Copy Pods Resources";
			outputPaths = (
			);
			runOnlyForDeploymentPostprocessing = 0;
			shellPath = /bin/sh;
			shellScript = "\"${SRCROOT}/Pods/Target Support Files/Pods-CheTamUHohlov/Pods-CheTamUHohlov-resources.sh\"\n";
			showEnvVarsInLog = 0;
		};
		EBEAF4F0AB998725ED9C7786 /* Check Pods Manifest.lock */ = {
			isa = PBXShellScriptBuildPhase;
			buildActionMask = 2147483647;
			files = (
			);
			inputPaths = (
			);
			name = "Check Pods Manifest.lock";
			outputPaths = (
			);
			runOnlyForDeploymentPostprocessing = 0;
			shellPath = /bin/sh;
			shellScript = "diff \"${PODS_ROOT}/../Podfile.lock\" \"${PODS_ROOT}/Manifest.lock\" > /dev/null\nif [[ $? != 0 ]] ; then\n    cat << EOM\nerror: The sandbox is not in sync with the Podfile.lock. Run 'pod install' or update your CocoaPods installation.\nEOM\n    exit 1\nfi\n";
			showEnvVarsInLog = 0;
		};
		FB5E2B866008EA8881481491 /* Embed Pods Frameworks */ = {
			isa = PBXShellScriptBuildPhase;
			buildActionMask = 2147483647;
			files = (
			);
			inputPaths = (
			);
			name = "Embed Pods Frameworks";
			outputPaths = (
			);
			runOnlyForDeploymentPostprocessing = 0;
			shellPath = /bin/sh;
			shellScript = "\"${SRCROOT}/Pods/Target Support Files/Pods-CheTamUHohlov/Pods-CheTamUHohlov-frameworks.sh\"\n";
			showEnvVarsInLog = 0;
		};
/* End PBXShellScriptBuildPhase section */

/* Begin PBXSourcesBuildPhase section */
		9514F19E1C3AD57B00F27D2D /* Sources */ = {
			isa = PBXSourcesBuildPhase;
			buildActionMask = 2147483647;
			files = (
				95622F791C4BD9FB004241E8 /* UIViewExtension.swift in Sources */,
				953E31171C5A4CAA00BA73A3 /* FunnyJokesClass.m in Sources */,
				9514F1AD1C3AD57B00F27D2D /* MainScreen.m in Sources */,
				95622F761C4BD081004241E8 /* HomeScreen.m in Sources */,
				9514F1AA1C3AD57B00F27D2D /* AppDelegate.m in Sources */,
				955682EF1C3EE98D00CC68B4 /* RateItemFromGov.m in Sources */,
				9514F1C11C3EACD100F27D2D /* ObjClient.m in Sources */,
				84E5CC841C47D372002A59A3 /* RateItemFromYahoo.m in Sources */,
				9514F1BE1C3ADDC500F27D2D /* RequestClient.m in Sources */,
				9514F1A71C3AD57B00F27D2D /* main.m in Sources */,
				84E9049B1C3FE74F0025587B /* ManageFileSystem.m in Sources */,
				95622F801C4BDF57004241E8 /* GoodButton.swift in Sources */,
			);
			runOnlyForDeploymentPostprocessing = 0;
		};
/* End PBXSourcesBuildPhase section */

/* Begin PBXVariantGroup section */
		84EC23C11C579E14008FA17F /* Main.storyboard */ = {
			isa = PBXVariantGroup;
			children = (
				84EC23C21C579E14008FA17F /* Base */,
			);
			name = Main.storyboard;
			sourceTree = "<group>";
		};
		9514F1B31C3AD57B00F27D2D /* LaunchScreen.storyboard */ = {
			isa = PBXVariantGroup;
			children = (
				9514F1B41C3AD57B00F27D2D /* Base */,
				95622F821C4BE5B3004241E8 /* ru */,
			);
			name = LaunchScreen.storyboard;
			sourceTree = "<group>";
		};
		95622F871C4BE679004241E8 /* Localizable.strings */ = {
			isa = PBXVariantGroup;
			children = (
				95622F881C4BE680004241E8 /* ru */,
				95622F891C4BE8A5004241E8 /* Base */,
			);
			name = Localizable.strings;
			sourceTree = "<group>";
		};
/* End PBXVariantGroup section */

/* Begin XCBuildConfiguration section */
		9514F1B71C3AD57B00F27D2D /* Debug */ = {
			isa = XCBuildConfiguration;
			buildSettings = {
				ALWAYS_SEARCH_USER_PATHS = NO;
				CLANG_CXX_LANGUAGE_STANDARD = "gnu++0x";
				CLANG_CXX_LIBRARY = "libc++";
				CLANG_ENABLE_MODULES = YES;
				CLANG_ENABLE_OBJC_ARC = YES;
				CLANG_WARN_BOOL_CONVERSION = YES;
				CLANG_WARN_CONSTANT_CONVERSION = YES;
				CLANG_WARN_DIRECT_OBJC_ISA_USAGE = YES_ERROR;
				CLANG_WARN_EMPTY_BODY = YES;
				CLANG_WARN_ENUM_CONVERSION = YES;
				CLANG_WARN_INT_CONVERSION = YES;
				CLANG_WARN_OBJC_ROOT_CLASS = YES_ERROR;
				CLANG_WARN_UNREACHABLE_CODE = YES;
				CLANG_WARN__DUPLICATE_METHOD_MATCH = YES;
				"CODE_SIGN_IDENTITY[sdk=iphoneos*]" = "iPhone Developer";
				COPY_PHASE_STRIP = NO;
				DEBUG_INFORMATION_FORMAT = dwarf;
				ENABLE_STRICT_OBJC_MSGSEND = YES;
				ENABLE_TESTABILITY = YES;
				GCC_C_LANGUAGE_STANDARD = gnu99;
				GCC_DYNAMIC_NO_PIC = NO;
				GCC_NO_COMMON_BLOCKS = YES;
				GCC_OPTIMIZATION_LEVEL = 0;
				GCC_PREPROCESSOR_DEFINITIONS = (
					"DEBUG=1",
					"$(inherited)",
				);
				GCC_WARN_64_TO_32_BIT_CONVERSION = YES;
				GCC_WARN_ABOUT_RETURN_TYPE = YES_ERROR;
				GCC_WARN_UNDECLARED_SELECTOR = YES;
				GCC_WARN_UNINITIALIZED_AUTOS = YES_AGGRESSIVE;
				GCC_WARN_UNUSED_FUNCTION = YES;
				GCC_WARN_UNUSED_VARIABLE = YES;
				IPHONEOS_DEPLOYMENT_TARGET = 9.2;
				MTL_ENABLE_DEBUG_INFO = YES;
				ONLY_ACTIVE_ARCH = YES;
				SDKROOT = iphoneos;
				TARGETED_DEVICE_FAMILY = "1,2";
			};
			name = Debug;
		};
		9514F1B81C3AD57B00F27D2D /* Release */ = {
			isa = XCBuildConfiguration;
			buildSettings = {
				ALWAYS_SEARCH_USER_PATHS = NO;
				CLANG_CXX_LANGUAGE_STANDARD = "gnu++0x";
				CLANG_CXX_LIBRARY = "libc++";
				CLANG_ENABLE_MODULES = YES;
				CLANG_ENABLE_OBJC_ARC = YES;
				CLANG_WARN_BOOL_CONVERSION = YES;
				CLANG_WARN_CONSTANT_CONVERSION = YES;
				CLANG_WARN_DIRECT_OBJC_ISA_USAGE = YES_ERROR;
				CLANG_WARN_EMPTY_BODY = YES;
				CLANG_WARN_ENUM_CONVERSION = YES;
				CLANG_WARN_INT_CONVERSION = YES;
				CLANG_WARN_OBJC_ROOT_CLASS = YES_ERROR;
				CLANG_WARN_UNREACHABLE_CODE = YES;
				CLANG_WARN__DUPLICATE_METHOD_MATCH = YES;
				"CODE_SIGN_IDENTITY[sdk=iphoneos*]" = "iPhone Developer";
				COPY_PHASE_STRIP = NO;
				DEBUG_INFORMATION_FORMAT = "dwarf-with-dsym";
				ENABLE_NS_ASSERTIONS = NO;
				ENABLE_STRICT_OBJC_MSGSEND = YES;
				GCC_C_LANGUAGE_STANDARD = gnu99;
				GCC_NO_COMMON_BLOCKS = YES;
				GCC_WARN_64_TO_32_BIT_CONVERSION = YES;
				GCC_WARN_ABOUT_RETURN_TYPE = YES_ERROR;
				GCC_WARN_UNDECLARED_SELECTOR = YES;
				GCC_WARN_UNINITIALIZED_AUTOS = YES_AGGRESSIVE;
				GCC_WARN_UNUSED_FUNCTION = YES;
				GCC_WARN_UNUSED_VARIABLE = YES;
				IPHONEOS_DEPLOYMENT_TARGET = 9.2;
				MTL_ENABLE_DEBUG_INFO = NO;
				SDKROOT = iphoneos;
				TARGETED_DEVICE_FAMILY = "1,2";
				VALIDATE_PRODUCT = YES;
			};
			name = Release;
		};
		9514F1BA1C3AD57B00F27D2D /* Debug */ = {
			isa = XCBuildConfiguration;
			baseConfigurationReference = 30D1C2F93730FC85F87852D1 /* Pods-CheTamUHohlov.debug.xcconfig */;
			buildSettings = {
				ASSETCATALOG_COMPILER_APPICON_NAME = AppIcon;
				CLANG_ENABLE_MODULES = YES;
				CODE_SIGN_IDENTITY = "iPhone Developer";
				"CODE_SIGN_IDENTITY[sdk=iphoneos*]" = "iPhone Developer";
				ENABLE_BITCODE = NO;
				FRAMEWORK_SEARCH_PATHS = (
					"$(inherited)",
					"$(PROJECT_DIR)/build/Debug-iphoneos",
					"$(PROJECT_DIR)/CheTamUHohlov",
				);
				INFOPLIST_FILE = CheTamUHohlov/Info.plist;
				IPHONEOS_DEPLOYMENT_TARGET = 8.0;
				LD_RUNPATH_SEARCH_PATHS = "$(inherited) @executable_path/Frameworks";
				OTHER_LDFLAGS = "-lsqlite3";
				PRODUCT_BUNDLE_IDENTIFIER = Y859DLF8C3.com.romasafin.CheTamUHohlov;
				PRODUCT_NAME = "$(TARGET_NAME)";
				PROVISIONING_PROFILE = "";
				SWIFT_OBJC_BRIDGING_HEADER = "CheTamUHohlov/CheTamUHohlov-Bridging-Header.h";
				SWIFT_OPTIMIZATION_LEVEL = "-Onone";
				TARGETED_DEVICE_FAMILY = 1;
			};
			name = Debug;
		};
		9514F1BB1C3AD57B00F27D2D /* Release */ = {
			isa = XCBuildConfiguration;
			baseConfigurationReference = CA096BF688AA9C3EEB641E3A /* Pods-CheTamUHohlov.release.xcconfig */;
			buildSettings = {
				ASSETCATALOG_COMPILER_APPICON_NAME = AppIcon;
				CLANG_ENABLE_MODULES = YES;
				CODE_SIGN_IDENTITY = "iPhone Developer";
				"CODE_SIGN_IDENTITY[sdk=iphoneos*]" = "iPhone Developer";
				ENABLE_BITCODE = NO;
				FRAMEWORK_SEARCH_PATHS = (
					"$(inherited)",
					"$(PROJECT_DIR)/build/Debug-iphoneos",
					"$(PROJECT_DIR)/CheTamUHohlov",
				);
				INFOPLIST_FILE = CheTamUHohlov/Info.plist;
				IPHONEOS_DEPLOYMENT_TARGET = 8.0;
				LD_RUNPATH_SEARCH_PATHS = "$(inherited) @executable_path/Frameworks";
				OTHER_LDFLAGS = "-lsqlite3";
				PRODUCT_BUNDLE_IDENTIFIER = Y859DLF8C3.com.romasafin.CheTamUHohlov;
				PRODUCT_NAME = "$(TARGET_NAME)";
				PROVISIONING_PROFILE = "";
				SWIFT_OBJC_BRIDGING_HEADER = "CheTamUHohlov/CheTamUHohlov-Bridging-Header.h";
				TARGETED_DEVICE_FAMILY = 1;
			};
			name = Release;
		};
/* End XCBuildConfiguration section */

/* Begin XCConfigurationList section */
		9514F19D1C3AD57B00F27D2D /* Build configuration list for PBXProject "CheTamUHohlov" */ = {
			isa = XCConfigurationList;
			buildConfigurations = (
				9514F1B71C3AD57B00F27D2D /* Debug */,
				9514F1B81C3AD57B00F27D2D /* Release */,
			);
			defaultConfigurationIsVisible = 0;
			defaultConfigurationName = Release;
		};
		9514F1B91C3AD57B00F27D2D /* Build configuration list for PBXNativeTarget "CheTamUHohlov" */ = {
			isa = XCConfigurationList;
			buildConfigurations = (
				9514F1BA1C3AD57B00F27D2D /* Debug */,
				9514F1BB1C3AD57B00F27D2D /* Release */,
			);
			defaultConfigurationIsVisible = 0;
			defaultConfigurationName = Release;
		};
/* End XCConfigurationList section */
	};
	rootObject = 9514F19A1C3AD57B00F27D2D /* Project object */;
}
