// !$*UTF8*$!
{
	archiveVersion = 1;
	classes = {
	};
	objectVersion = 46;
	objects = {

/* Begin PBXBuildFile section */
		84E9049B1C3FE74F0025587B /* TestClassForHomework.m in Sources */ = {isa = PBXBuildFile; fileRef = 84E9049A1C3FE74F0025587B /* TestClassForHomework.m */; };
		9514F1A71C3AD57B00F27D2D /* main.m in Sources */ = {isa = PBXBuildFile; fileRef = 9514F1A61C3AD57B00F27D2D /* main.m */; };
		9514F1AA1C3AD57B00F27D2D /* AppDelegate.m in Sources */ = {isa = PBXBuildFile; fileRef = 9514F1A91C3AD57B00F27D2D /* AppDelegate.m */; };
		9514F1AD1C3AD57B00F27D2D /* ViewController.m in Sources */ = {isa = PBXBuildFile; fileRef = 9514F1AC1C3AD57B00F27D2D /* ViewController.m */; };
		9514F1B01C3AD57B00F27D2D /* Main.storyboard in Resources */ = {isa = PBXBuildFile; fileRef = 9514F1AE1C3AD57B00F27D2D /* Main.storyboard */; };
		9514F1B21C3AD57B00F27D2D /* Assets.xcassets in Resources */ = {isa = PBXBuildFile; fileRef = 9514F1B11C3AD57B00F27D2D /* Assets.xcassets */; };
		9514F1B51C3AD57B00F27D2D /* LaunchScreen.storyboard in Resources */ = {isa = PBXBuildFile; fileRef = 9514F1B31C3AD57B00F27D2D /* LaunchScreen.storyboard */; };
		9514F1BE1C3ADDC500F27D2D /* RequestClient.m in Sources */ = {isa = PBXBuildFile; fileRef = 9514F1BD1C3ADDC500F27D2D /* RequestClient.m */; };
		9514F1C11C3EACD100F27D2D /* ObjClient.m in Sources */ = {isa = PBXBuildFile; fileRef = 9514F1C01C3EACD100F27D2D /* ObjClient.m */; };
		9514F1C51C3EBBEE00F27D2D /* DiziDB.sqlite in Resources */ = {isa = PBXBuildFile; fileRef = 9514F1C41C3EBBEE00F27D2D /* DiziDB.sqlite */; };
		955682EC1C3EDC5D00CC68B4 /* libsqlite3.tbd in Frameworks */ = {isa = PBXBuildFile; fileRef = 955682EB1C3EDC5D00CC68B4 /* libsqlite3.tbd */; };
		955682EF1C3EE98D00CC68B4 /* BankRateItem.m in Sources */ = {isa = PBXBuildFile; fileRef = 955682EE1C3EE98D00CC68B4 /* BankRateItem.m */; };
/* End PBXBuildFile section */

/* Begin PBXFileReference section */
		84E904991C3FE74F0025587B /* TestClassForHomework.h */ = {isa = PBXFileReference; fileEncoding = 4; lastKnownFileType = sourcecode.c.h; path = TestClassForHomework.h; sourceTree = "<group>"; };
		84E9049A1C3FE74F0025587B /* TestClassForHomework.m */ = {isa = PBXFileReference; fileEncoding = 4; lastKnownFileType = sourcecode.c.objc; path = TestClassForHomework.m; sourceTree = "<group>"; };
		9514F1A21C3AD57B00F27D2D /* CheTamUHohlov.app */ = {isa = PBXFileReference; explicitFileType = wrapper.application; includeInIndex = 0; path = CheTamUHohlov.app; sourceTree = BUILT_PRODUCTS_DIR; };
		9514F1A61C3AD57B00F27D2D /* main.m */ = {isa = PBXFileReference; lastKnownFileType = sourcecode.c.objc; path = main.m; sourceTree = "<group>"; };
		9514F1A81C3AD57B00F27D2D /* AppDelegate.h */ = {isa = PBXFileReference; lastKnownFileType = sourcecode.c.h; path = AppDelegate.h; sourceTree = "<group>"; };
		9514F1A91C3AD57B00F27D2D /* AppDelegate.m */ = {isa = PBXFileReference; lastKnownFileType = sourcecode.c.objc; path = AppDelegate.m; sourceTree = "<group>"; };
		9514F1AB1C3AD57B00F27D2D /* ViewController.h */ = {isa = PBXFileReference; lastKnownFileType = sourcecode.c.h; path = ViewController.h; sourceTree = "<group>"; };
		9514F1AC1C3AD57B00F27D2D /* ViewController.m */ = {isa = PBXFileReference; lastKnownFileType = sourcecode.c.objc; path = ViewController.m; sourceTree = "<group>"; };
		9514F1AF1C3AD57B00F27D2D /* Base */ = {isa = PBXFileReference; lastKnownFileType = file.storyboard; name = Base; path = Base.lproj/Main.storyboard; sourceTree = "<group>"; };
		9514F1B11C3AD57B00F27D2D /* Assets.xcassets */ = {isa = PBXFileReference; lastKnownFileType = folder.assetcatalog; path = Assets.xcassets; sourceTree = "<group>"; };
		9514F1B41C3AD57B00F27D2D /* Base */ = {isa = PBXFileReference; lastKnownFileType = file.storyboard; name = Base; path = Base.lproj/LaunchScreen.storyboard; sourceTree = "<group>"; };
		9514F1B61C3AD57B00F27D2D /* Info.plist */ = {isa = PBXFileReference; lastKnownFileType = text.plist.xml; path = Info.plist; sourceTree = "<group>"; };
		9514F1BC1C3ADDC500F27D2D /* RequestClient.h */ = {isa = PBXFileReference; fileEncoding = 4; lastKnownFileType = sourcecode.c.h; path = RequestClient.h; sourceTree = "<group>"; };
		9514F1BD1C3ADDC500F27D2D /* RequestClient.m */ = {isa = PBXFileReference; fileEncoding = 4; lastKnownFileType = sourcecode.c.objc; path = RequestClient.m; sourceTree = "<group>"; };
		9514F1BF1C3EACD100F27D2D /* ObjClient.h */ = {isa = PBXFileReference; fileEncoding = 4; lastKnownFileType = sourcecode.c.h; path = ObjClient.h; sourceTree = "<group>"; };
		9514F1C01C3EACD100F27D2D /* ObjClient.m */ = {isa = PBXFileReference; fileEncoding = 4; lastKnownFileType = sourcecode.c.objc; path = ObjClient.m; sourceTree = "<group>"; };
		9514F1C41C3EBBEE00F27D2D /* DiziDB.sqlite */ = {isa = PBXFileReference; fileEncoding = 4; lastKnownFileType = text; name = DiziDB.sqlite; path = ../DiziDB.sqlite; sourceTree = "<group>"; };
		9514F1C61C3EBF9400F27D2D /* Constants.h */ = {isa = PBXFileReference; lastKnownFileType = sourcecode.c.h; path = Constants.h; sourceTree = "<group>"; };
		955682EB1C3EDC5D00CC68B4 /* libsqlite3.tbd */ = {isa = PBXFileReference; lastKnownFileType = "sourcecode.text-based-dylib-definition"; name = libsqlite3.tbd; path = usr/lib/libsqlite3.tbd; sourceTree = SDKROOT; };
		955682ED1C3EE98D00CC68B4 /* BankRateItem.h */ = {isa = PBXFileReference; fileEncoding = 4; lastKnownFileType = sourcecode.c.h; path = BankRateItem.h; sourceTree = "<group>"; };
		955682EE1C3EE98D00CC68B4 /* BankRateItem.m */ = {isa = PBXFileReference; fileEncoding = 4; lastKnownFileType = sourcecode.c.objc; path = BankRateItem.m; sourceTree = "<group>"; };
/* End PBXFileReference section */

/* Begin PBXFrameworksBuildPhase section */
		9514F19F1C3AD57B00F27D2D /* Frameworks */ = {
			isa = PBXFrameworksBuildPhase;
			buildActionMask = 2147483647;
			files = (
				955682EC1C3EDC5D00CC68B4 /* libsqlite3.tbd in Frameworks */,
			);
			runOnlyForDeploymentPostprocessing = 0;
		};
/* End PBXFrameworksBuildPhase section */

/* Begin PBXGroup section */
		9514F1991C3AD57B00F27D2D = {
			isa = PBXGroup;
			children = (
				9514F1A41C3AD57B00F27D2D /* CheTamUHohlov */,
				9514F1A31C3AD57B00F27D2D /* Products */,
			);
			sourceTree = "<group>";
		};
		9514F1A31C3AD57B00F27D2D /* Products */ = {
			isa = PBXGroup;
			children = (
				9514F1A21C3AD57B00F27D2D /* CheTamUHohlov.app */,
			);
			name = Products;
			sourceTree = "<group>";
		};
		9514F1A41C3AD57B00F27D2D /* CheTamUHohlov */ = {
			isa = PBXGroup;
			children = (
				9514F1A81C3AD57B00F27D2D /* AppDelegate.h */,
				9514F1A91C3AD57B00F27D2D /* AppDelegate.m */,
				9514F1AE1C3AD57B00F27D2D /* Main.storyboard */,
				955172D31C429C930025D0FF /* View Controllers */,
				955172D41C429CA60025D0FF /* Models */,
				955172D51C429CBA0025D0FF /* Classes */,
				9514F1B11C3AD57B00F27D2D /* Assets.xcassets */,
				9514F1B31C3AD57B00F27D2D /* LaunchScreen.storyboard */,
				9514F1B61C3AD57B00F27D2D /* Info.plist */,
				9514F1A51C3AD57B00F27D2D /* Supporting Files */,
				84E904991C3FE74F0025587B /* TestClassForHomework.h */,
				84E9049A1C3FE74F0025587B /* TestClassForHomework.m */,
			);
			path = CheTamUHohlov;
			sourceTree = "<group>";
		};
		9514F1A51C3AD57B00F27D2D /* Supporting Files */ = {
			isa = PBXGroup;
			children = (
				9514F1C41C3EBBEE00F27D2D /* DiziDB.sqlite */,
				955682E71C3ED8D300CC68B4 /* Librarys */,
				9514F1C61C3EBF9400F27D2D /* Constants.h */,
				9514F1A61C3AD57B00F27D2D /* main.m */,
			);
			name = "Supporting Files";
			sourceTree = "<group>";
		};
		955172D31C429C930025D0FF /* View Controllers */ = {
			isa = PBXGroup;
			children = (
				9514F1AB1C3AD57B00F27D2D /* ViewController.h */,
				9514F1AC1C3AD57B00F27D2D /* ViewController.m */,
			);
			name = "View Controllers";
			sourceTree = "<group>";
		};
		955172D41C429CA60025D0FF /* Models */ = {
			isa = PBXGroup;
			children = (
				955682ED1C3EE98D00CC68B4 /* BankRateItem.h */,
				955682EE1C3EE98D00CC68B4 /* BankRateItem.m */,
			);
			name = Models;
			sourceTree = "<group>";
		};
		955172D51C429CBA0025D0FF /* Classes */ = {
			isa = PBXGroup;
			children = (
				9514F1BC1C3ADDC500F27D2D /* RequestClient.h */,
				9514F1BD1C3ADDC500F27D2D /* RequestClient.m */,
				9514F1BF1C3EACD100F27D2D /* ObjClient.h */,
				9514F1C01C3EACD100F27D2D /* ObjClient.m */,
			);
			name = Classes;
			sourceTree = "<group>";
		};
		955682E71C3ED8D300CC68B4 /* Librarys */ = {
			isa = PBXGroup;
			children = (
				955682EB1C3EDC5D00CC68B4 /* libsqlite3.tbd */,
			);
			name = Librarys;
			sourceTree = "<group>";
		};
/* End PBXGroup section */

/* Begin PBXNativeTarget section */
		9514F1A11C3AD57B00F27D2D /* CheTamUHohlov */ = {
			isa = PBXNativeTarget;
			buildConfigurationList = 9514F1B91C3AD57B00F27D2D /* Build configuration list for PBXNativeTarget "CheTamUHohlov" */;
			buildPhases = (
				9514F19E1C3AD57B00F27D2D /* Sources */,
				9514F19F1C3AD57B00F27D2D /* Frameworks */,
				9514F1A01C3AD57B00F27D2D /* Resources */,
			);
			buildRules = (
			);
			dependencies = (
			);
			name = CheTamUHohlov;
			productName = CheTamUHohlov;
			productReference = 9514F1A21C3AD57B00F27D2D /* CheTamUHohlov.app */;
			productType = "com.apple.product-type.application";
		};
/* End PBXNativeTarget section */

/* Begin PBXProject section */
		9514F19A1C3AD57B00F27D2D /* Project object */ = {
			isa = PBXProject;
			attributes = {
				LastUpgradeCheck = 0720;
				ORGANIZATIONNAME = Roman.Safin;
				TargetAttributes = {
					9514F1A11C3AD57B00F27D2D = {
						CreatedOnToolsVersion = 7.2;
						DevelopmentTeam = Y859DLF8C3;
					};
				};
			};
			buildConfigurationList = 9514F19D1C3AD57B00F27D2D /* Build configuration list for PBXProject "CheTamUHohlov" */;
			compatibilityVersion = "Xcode 3.2";
			developmentRegion = English;
			hasScannedForEncodings = 0;
			knownRegions = (
				en,
				Base,
			);
			mainGroup = 9514F1991C3AD57B00F27D2D;
			productRefGroup = 9514F1A31C3AD57B00F27D2D /* Products */;
			projectDirPath = "";
			projectRoot = "";
			targets = (
				9514F1A11C3AD57B00F27D2D /* CheTamUHohlov */,
			);
		};
/* End PBXProject section */

/* Begin PBXResourcesBuildPhase section */
		9514F1A01C3AD57B00F27D2D /* Resources */ = {
			isa = PBXResourcesBuildPhase;
			buildActionMask = 2147483647;
			files = (
				9514F1B51C3AD57B00F27D2D /* LaunchScreen.storyboard in Resources */,
				9514F1B21C3AD57B00F27D2D /* Assets.xcassets in Resources */,
				9514F1B01C3AD57B00F27D2D /* Main.storyboard in Resources */,
				9514F1C51C3EBBEE00F27D2D /* DiziDB.sqlite in Resources */,
			);
			runOnlyForDeploymentPostprocessing = 0;
		};
/* End PBXResourcesBuildPhase section */

/* Begin PBXSourcesBuildPhase section */
		9514F19E1C3AD57B00F27D2D /* Sources */ = {
			isa = PBXSourcesBuildPhase;
			buildActionMask = 2147483647;
			files = (
				9514F1AD1C3AD57B00F27D2D /* ViewController.m in Sources */,
				9514F1AA1C3AD57B00F27D2D /* AppDelegate.m in Sources */,
				955682EF1C3EE98D00CC68B4 /* BankRateItem.m in Sources */,
				9514F1C11C3EACD100F27D2D /* ObjClient.m in Sources */,
				9514F1BE1C3ADDC500F27D2D /* RequestClient.m in Sources */,
				9514F1A71C3AD57B00F27D2D /* main.m in Sources */,
				84E9049B1C3FE74F0025587B /* TestClassForHomework.m in Sources */,
			);
			runOnlyForDeploymentPostprocessing = 0;
		};
/* End PBXSourcesBuildPhase section */

/* Begin PBXVariantGroup section */
		9514F1AE1C3AD57B00F27D2D /* Main.storyboard */ = {
			isa = PBXVariantGroup;
			children = (
				9514F1AF1C3AD57B00F27D2D /* Base */,
			);
			name = Main.storyboard;
			sourceTree = "<group>";
		};
		9514F1B31C3AD57B00F27D2D /* LaunchScreen.storyboard */ = {
			isa = PBXVariantGroup;
			children = (
				9514F1B41C3AD57B00F27D2D /* Base */,
			);
			name = LaunchScreen.storyboard;
			sourceTree = "<group>";
		};
/* End PBXVariantGroup section */

/* Begin XCBuildConfiguration section */
		9514F1B71C3AD57B00F27D2D /* Debug */ = {
			isa = XCBuildConfiguration;
			buildSettings = {
				ALWAYS_SEARCH_USER_PATHS = NO;
				CLANG_CXX_LANGUAGE_STANDARD = "gnu++0x";
				CLANG_CXX_LIBRARY = "libc++";
				CLANG_ENABLE_MODULES = YES;
				CLANG_ENABLE_OBJC_ARC = YES;
				CLANG_WARN_BOOL_CONVERSION = YES;
				CLANG_WARN_CONSTANT_CONVERSION = YES;
				CLANG_WARN_DIRECT_OBJC_ISA_USAGE = YES_ERROR;
				CLANG_WARN_EMPTY_BODY = YES;
				CLANG_WARN_ENUM_CONVERSION = YES;
				CLANG_WARN_INT_CONVERSION = YES;
				CLANG_WARN_OBJC_ROOT_CLASS = YES_ERROR;
				CLANG_WARN_UNREACHABLE_CODE = YES;
				CLANG_WARN__DUPLICATE_METHOD_MATCH = YES;
				"CODE_SIGN_IDENTITY[sdk=iphoneos*]" = "iPhone Developer";
				COPY_PHASE_STRIP = NO;
				DEBUG_INFORMATION_FORMAT = dwarf;
				ENABLE_STRICT_OBJC_MSGSEND = YES;
				ENABLE_TESTABILITY = YES;
				GCC_C_LANGUAGE_STANDARD = gnu99;
				GCC_DYNAMIC_NO_PIC = NO;
				GCC_NO_COMMON_BLOCKS = YES;
				GCC_OPTIMIZATION_LEVEL = 0;
				GCC_PREPROCESSOR_DEFINITIONS = (
					"DEBUG=1",
					"$(inherited)",
				);
				GCC_WARN_64_TO_32_BIT_CONVERSION = YES;
				GCC_WARN_ABOUT_RETURN_TYPE = YES_ERROR;
				GCC_WARN_UNDECLARED_SELECTOR = YES;
				GCC_WARN_UNINITIALIZED_AUTOS = YES_AGGRESSIVE;
				GCC_WARN_UNUSED_FUNCTION = YES;
				GCC_WARN_UNUSED_VARIABLE = YES;
				IPHONEOS_DEPLOYMENT_TARGET = 9.2;
				MTL_ENABLE_DEBUG_INFO = YES;
				ONLY_ACTIVE_ARCH = YES;
				SDKROOT = iphoneos;
				TARGETED_DEVICE_FAMILY = "1,2";
			};
			name = Debug;
		};
		9514F1B81C3AD57B00F27D2D /* Release */ = {
			isa = XCBuildConfiguration;
			buildSettings = {
				ALWAYS_SEARCH_USER_PATHS = NO;
				CLANG_CXX_LANGUAGE_STANDARD = "gnu++0x";
				CLANG_CXX_LIBRARY = "libc++";
				CLANG_ENABLE_MODULES = YES;
				CLANG_ENABLE_OBJC_ARC = YES;
				CLANG_WARN_BOOL_CONVERSION = YES;
				CLANG_WARN_CONSTANT_CONVERSION = YES;
				CLANG_WARN_DIRECT_OBJC_ISA_USAGE = YES_ERROR;
				CLANG_WARN_EMPTY_BODY = YES;
				CLANG_WARN_ENUM_CONVERSION = YES;
				CLANG_WARN_INT_CONVERSION = YES;
				CLANG_WARN_OBJC_ROOT_CLASS = YES_ERROR;
				CLANG_WARN_UNREACHABLE_CODE = YES;
				CLANG_WARN__DUPLICATE_METHOD_MATCH = YES;
				"CODE_SIGN_IDENTITY[sdk=iphoneos*]" = "iPhone Developer";
				COPY_PHASE_STRIP = NO;
				DEBUG_INFORMATION_FORMAT = "dwarf-with-dsym";
				ENABLE_NS_ASSERTIONS = NO;
				ENABLE_STRICT_OBJC_MSGSEND = YES;
				GCC_C_LANGUAGE_STANDARD = gnu99;
				GCC_NO_COMMON_BLOCKS = YES;
				GCC_WARN_64_TO_32_BIT_CONVERSION = YES;
				GCC_WARN_ABOUT_RETURN_TYPE = YES_ERROR;
				GCC_WARN_UNDECLARED_SELECTOR = YES;
				GCC_WARN_UNINITIALIZED_AUTOS = YES_AGGRESSIVE;
				GCC_WARN_UNUSED_FUNCTION = YES;
				GCC_WARN_UNUSED_VARIABLE = YES;
				IPHONEOS_DEPLOYMENT_TARGET = 9.2;
				MTL_ENABLE_DEBUG_INFO = NO;
				SDKROOT = iphoneos;
				TARGETED_DEVICE_FAMILY = "1,2";
				VALIDATE_PRODUCT = YES;
			};
			name = Release;
		};
		9514F1BA1C3AD57B00F27D2D /* Debug */ = {
			isa = XCBuildConfiguration;
			buildSettings = {
				ASSETCATALOG_COMPILER_APPICON_NAME = AppIcon;
				CODE_SIGN_IDENTITY = "iPhone Developer";
				INFOPLIST_FILE = CheTamUHohlov/Info.plist;
				IPHONEOS_DEPLOYMENT_TARGET = 8.0;
				LD_RUNPATH_SEARCH_PATHS = "$(inherited) @executable_path/Frameworks";
				OTHER_LDFLAGS = "-lsqlite3";
				PRODUCT_BUNDLE_IDENTIFIER = Y859DLF8C3.com.romasafin.CheTamUHohlov;
				PRODUCT_NAME = "$(TARGET_NAME)";
			};
			name = Debug;
		};
		9514F1BB1C3AD57B00F27D2D /* Release */ = {
			isa = XCBuildConfiguration;
			buildSettings = {
				ASSETCATALOG_COMPILER_APPICON_NAME = AppIcon;
				CODE_SIGN_IDENTITY = "iPhone Developer";
				INFOPLIST_FILE = CheTamUHohlov/Info.plist;
				IPHONEOS_DEPLOYMENT_TARGET = 8.0;
				LD_RUNPATH_SEARCH_PATHS = "$(inherited) @executable_path/Frameworks";
				OTHER_LDFLAGS = "-lsqlite3";
				PRODUCT_BUNDLE_IDENTIFIER = Y859DLF8C3.com.romasafin.CheTamUHohlov;
				PRODUCT_NAME = "$(TARGET_NAME)";
			};
			name = Release;
		};
/* End XCBuildConfiguration section */

/* Begin XCConfigurationList section */
		9514F19D1C3AD57B00F27D2D /* Build configuration list for PBXProject "CheTamUHohlov" */ = {
			isa = XCConfigurationList;
			buildConfigurations = (
				9514F1B71C3AD57B00F27D2D /* Debug */,
				9514F1B81C3AD57B00F27D2D /* Release */,
			);
			defaultConfigurationIsVisible = 0;
			defaultConfigurationName = Release;
		};
		9514F1B91C3AD57B00F27D2D /* Build configuration list for PBXNativeTarget "CheTamUHohlov" */ = {
			isa = XCConfigurationList;
			buildConfigurations = (
				9514F1BA1C3AD57B00F27D2D /* Debug */,
				9514F1BB1C3AD57B00F27D2D /* Release */,
			);
			defaultConfigurationIsVisible = 0;
			defaultConfigurationName = Release;
		};
/* End XCConfigurationList section */
	};
	rootObject = 9514F19A1C3AD57B00F27D2D /* Project object */;
}
